
Microsoft Visual Studio Solution File, Format Version 12.00
# Visual Studio Version 16
VisualStudioVersion = 16.0.29418.71
MinimumVisualStudioVersion = 10.0.40219.1
Project("{FAE04EC0-301F-11D3-BF4B-00C04F79EFBC}") = "Lab2", "Lab2\Lab2.csproj", "{C32C9BE6-45AC-4C6F-BEFE-26C8078BE896}"
EndProject
Project("{FAE04EC0-301F-11D3-BF4B-00C04F79EFBC}") = "UnitTestCipher", "UnitTestCipher\UnitTestCipher.csproj", "{F04D958C-7019-412C-9FFD-08A16C2EA277}"
EndProject
Global
	GlobalSection(SolutionConfigurationPlatforms) = preSolution
		Debug|Any CPU = Debug|Any CPU
		Release|Any CPU = Release|Any CPU
	EndGlobalSection
	GlobalSection(ProjectConfigurationPlatforms) = postSolution
		{C32C9BE6-45AC-4C6F-BEFE-26C8078BE896}.Debug|Any CPU.ActiveCfg = Debug|Any CPU
		{C32C9BE6-45AC-4C6F-BEFE-26C8078BE896}.Debug|Any CPU.Build.0 = Debug|Any CPU
		{C32C9BE6-45AC-4C6F-BEFE-26C8078BE896}.Release|Any CPU.ActiveCfg = Release|Any CPU
		{C32C9BE6-45AC-4C6F-BEFE-26C8078BE896}.Release|Any CPU.Build.0 = Release|Any CPU
		{F04D958C-7019-412C-9FFD-08A16C2EA277}.Debug|Any CPU.ActiveCfg = Debug|Any CPU
		{F04D958C-7019-412C-9FFD-08A16C2EA277}.Debug|Any CPU.Build.0 = Debug|Any CPU
		{F04D958C-7019-412C-9FFD-08A16C2EA277}.Release|Any CPU.ActiveCfg = Release|Any CPU
		{F04D958C-7019-412C-9FFD-08A16C2EA277}.Release|Any CPU.Build.0 = Release|Any CPU
	EndGlobalSection
	GlobalSection(SolutionProperties) = preSolution
		HideSolutionNode = FALSE
	EndGlobalSection
	GlobalSection(ExtensibilityGlobals) = postSolution
		SolutionGuid = {FAB6FEEF-B27B-401F-945B-0F79D8BB559F}
	EndGlobalSection
EndGlobal
